
Microsoft Visual Studio Solution File, Format Version 12.00
# Visual Studio Version 17
VisualStudioVersion = 17.0.32126.317
MinimumVisualStudioVersion = 10.0.40219.1
Project("{9A19103F-16F7-4668-BE54-9A1E7A4F7556}") = "api", "api\api.csproj", "{DB092F09-D0E4-4E66-B00A-306BECE3AE1D}"
EndProject
Project("{E53339B2-1760-4266-BCC7-CA923CBCF16C}") = "docker-compose", "docker-compose.dcproj", "{F489EE4E-597C-43AC-8C76-DA32B31CC836}"
EndProject
Global
	GlobalSection(SolutionConfigurationPlatforms) = preSolution
		Debug|Any CPU = Debug|Any CPU
		Release|Any CPU = Release|Any CPU
	EndGlobalSection
	GlobalSection(ProjectConfigurationPlatforms) = postSolution
		{DB092F09-D0E4-4E66-B00A-306BECE3AE1D}.Debug|Any CPU.ActiveCfg = Debug|Any CPU
		{DB092F09-D0E4-4E66-B00A-306BECE3AE1D}.Debug|Any CPU.Build.0 = Debug|Any CPU
		{DB092F09-D0E4-4E66-B00A-306BECE3AE1D}.Release|Any CPU.ActiveCfg = Release|Any CPU
		{DB092F09-D0E4-4E66-B00A-306BECE3AE1D}.Release|Any CPU.Build.0 = Release|Any CPU
		{F489EE4E-597C-43AC-8C76-DA32B31CC836}.Debug|Any CPU.ActiveCfg = Debug|Any CPU
		{F489EE4E-597C-43AC-8C76-DA32B31CC836}.Debug|Any CPU.Build.0 = Debug|Any CPU
		{F489EE4E-597C-43AC-8C76-DA32B31CC836}.Release|Any CPU.ActiveCfg = Release|Any CPU
		{F489EE4E-597C-43AC-8C76-DA32B31CC836}.Release|Any CPU.Build.0 = Release|Any CPU
	EndGlobalSection
	GlobalSection(SolutionProperties) = preSolution
		HideSolutionNode = FALSE
	EndGlobalSection
	GlobalSection(ExtensibilityGlobals) = postSolution
		SolutionGuid = {2A79AB26-EAE5-4CBE-8BC6-2D239E08489F}
	EndGlobalSection
EndGlobal
